
Microsoft Visual Studio Solution File, Format Version 12.00
# Visual Studio Version 17
VisualStudioVersion = 17.0.0.0
MinimumVisualStudioVersion = 10.0.0.0
Project("{FAE04EC0-301F-11D3-BF4B-00C04F79EFBC}") = "RepoLens.Core", "RepoLens\src\RepoLens.Core\RepoLens.Core.csproj", "{5F3A1680-9146-4D2F-93DE-DFE2D2614D2E}"
EndProject
Project("{FAE04EC0-301F-11D3-BF4B-00C04F79EFBC}") = "RepoLens.Infrastructure", "RepoLens\src\RepoLens.Infrastructure\RepoLens.Infrastructure.csproj", "{67C2DA4C-D8F3-4788-8297-DBB82E69E8D9}"
EndProject
Project("{FAE04EC0-301F-11D3-BF4B-00C04F79EFBC}") = "RepoLens.Worker", "RepoLens\src\RepoLens.Worker\RepoLens.Worker.csproj", "{C3DA2F8A-5219-41D4-8208-914C59CEBF11}"
EndProject
Global
	GlobalSection(SolutionConfigurationPlatforms) = preSolution
		Debug|Any CPU = Debug|Any CPU
		Debug|x64 = Debug|x64
		Debug|x86 = Debug|x86
		Release|Any CPU = Release|Any CPU
		Release|x64 = Release|x64
		Release|x86 = Release|x86
	EndGlobalSection
	GlobalSection(ProjectConfigurationPlatforms) = postSolution
		{5F3A1680-9146-4D2F-93DE-DFE2D2614D2E}.Debug|Any CPU.ActiveCfg = Debug|Any CPU
		{5F3A1680-9146-4D2F-93DE-DFE2D2614D2E}.Debug|Any CPU.Build.0 = Debug|Any CPU
		{5F3A1680-9146-4D2F-93DE-DFE2D2614D2E}.Debug|x64.ActiveCfg = Debug|Any CPU
		{5F3A1680-9146-4D2F-93DE-DFE2D2614D2E}.Debug|x64.Build.0 = Debug|Any CPU
		{5F3A1680-9146-4D2F-93DE-DFE2D2614D2E}.Debug|x86.ActiveCfg = Debug|Any CPU
		{5F3A1680-9146-4D2F-93DE-DFE2D2614D2E}.Debug|x86.Build.0 = Debug|Any CPU
		{5F3A1680-9146-4D2F-93DE-DFE2D2614D2E}.Release|Any CPU.ActiveCfg = Release|Any CPU
		{5F3A1680-9146-4D2F-93DE-DFE2D2614D2E}.Release|Any CPU.Build.0 = Release|Any CPU
		{5F3A1680-9146-4D2F-93DE-DFE2D2614D2E}.Release|x64.ActiveCfg = Release|Any CPU
		{5F3A1680-9146-4D2F-93DE-DFE2D2614D2E}.Release|x64.Build.0 = Release|Any CPU
		{5F3A1680-9146-4D2F-93DE-DFE2D2614D2E}.Release|x86.ActiveCfg = Release|Any CPU
		{5F3A1680-9146-4D2F-93DE-DFE2D2614D2E}.Release|x86.Build.0 = Release|Any CPU
		{67C2DA4C-D8F3-4788-8297-DBB82E69E8D9}.Debug|Any CPU.ActiveCfg = Debug|Any CPU
		{67C2DA4C-D8F3-4788-8297-DBB82E69E8D9}.Debug|Any CPU.Build.0 = Debug|Any CPU
		{67C2DA4C-D8F3-4788-8297-DBB82E69E8D9}.Debug|x64.ActiveCfg = Debug|Any CPU
		{67C2DA4C-D8F3-4788-8297-DBB82E69E8D9}.Debug|x64.Build.0 = Debug|Any CPU
		{67C2DA4C-D8F3-4788-8297-DBB82E69E8D9}.Debug|x86.ActiveCfg = Debug|Any CPU
		{67C2DA4C-D8F3-4788-8297-DBB82E69E8D9}.Debug|x86.Build.0 = Debug|Any CPU
		{67C2DA4C-D8F3-4788-8297-DBB82E69E8D9}.Release|Any CPU.ActiveCfg = Release|Any CPU
		{67C2DA4C-D8F3-4788-8297-DBB82E69E8D9}.Release|Any CPU.Build.0 = Release|Any CPU
		{67C2DA4C-D8F3-4788-8297-DBB82E69E8D9}.Release|x64.ActiveCfg = Release|Any CPU
		{67C2DA4C-D8F3-4788-8297-DBB82E69E8D9}.Release|x64.Build.0 = Release|Any CPU
		{67C2DA4C-D8F3-4788-8297-DBB82E69E8D9}.Release|x86.ActiveCfg = Release|Any CPU
		{67C2DA4C-D8F3-4788-8297-DBB82E69E8D9}.Release|x86.Build.0 = Release|Any CPU
		{C3DA2F8A-5219-41D4-8208-914C59CEBF11}.Debug|Any CPU.ActiveCfg = Debug|Any CPU
		{C3DA2F8A-5219-41D4-8208-914C59CEBF11}.Debug|Any CPU.Build.0 = Debug|Any CPU
		{C3DA2F8A-5219-41D4-8208-914C59CEBF11}.Debug|x64.ActiveCfg = Debug|Any CPU
		{C3DA2F8A-5219-41D4-8208-914C59CEBF11}.Debug|x64.Build.0 = Debug|Any CPU
		{C3DA2F8A-5219-41D4-8208-914C59CEBF11}.Debug|x86.ActiveCfg = Debug|Any CPU
		{C3DA2F8A-5219-41D4-8208-914C59CEBF11}.Debug|x86.Build.0 = Debug|Any CPU
		{C3DA2F8A-5219-41D4-8208-914C59CEBF11}.Release|Any CPU.ActiveCfg = Release|Any CPU
		{C3DA2F8A-5219-41D4-8208-914C59CEBF11}.Release|Any CPU.Build.0 = Release|Any CPU
		{C3DA2F8A-5219-41D4-8208-914C59CEBF11}.Release|x64.ActiveCfg = Release|Any CPU
		{C3DA2F8A-5219-41D4-8208-914C59CEBF11}.Release|x64.Build.0 = Release|Any CPU
		{C3DA2F8A-5219-41D4-8208-914C59CEBF11}.Release|x86.ActiveCfg = Release|Any CPU
		{C3DA2F8A-5219-41D4-8208-914C59CEBF11}.Release|x86.Build.0 = Release|Any CPU
	EndGlobalSection
	GlobalSection(SolutionProperties) = preSolution
		HideSolutionNode = FALSE
	EndGlobalSection
EndGlobal
